{
  "dependencies": {
    "crawler": {
      "version": "http://registry.npmjs.org/crawler/-/crawler-0.4.3.tgz",
      "dependencies": {
        "cheerio": {
          "version": "http://registry.npmjs.org/cheerio/-/cheerio-0.18.0.tgz",
          "dependencies": {
            "CSSselect": {
              "version": "http://registry.npmjs.org/CSSselect/-/CSSselect-0.4.1.tgz",
              "dependencies": {
                "CSSwhat": {
                  "version": "http://registry.npmjs.org/CSSwhat/-/CSSwhat-0.4.7.tgz"
                },
                "domutils": {
                  "version": "http://registry.npmjs.org/domutils/-/domutils-1.4.3.tgz",
                  "dependencies": {
                    "domelementtype": {
                      "version": "http://registry.npmjs.org/domelementtype/-/domelementtype-1.3.0.tgz"
                    }
                  }
                }
              }
            },
            "entities": {
              "version": "http://registry.npmjs.org/entities/-/entities-1.1.1.tgz"
            },
            "htmlparser2": {
              "version": "http://registry.npmjs.org/htmlparser2/-/htmlparser2-3.8.2.tgz",
              "dependencies": {
                "domhandler": {
                  "version": "http://registry.npmjs.org/domhandler/-/domhandler-2.3.0.tgz"
                },
                "domutils": {
                  "version": "http://registry.npmjs.org/domutils/-/domutils-1.5.1.tgz"
                },
                "domelementtype": {
                  "version": "http://registry.npmjs.org/domelementtype/-/domelementtype-1.3.0.tgz"
                },
                "readable-stream": {
                  "version": "1.1.13",
                  "dependencies": {
                    "core-util-is": {
                      "version": "http://registry.npmjs.org/core-util-is/-/core-util-is-1.0.1.tgz"
                    },
                    "isarray": {
                      "version": "http://registry.npmjs.org/isarray/-/isarray-0.0.1.tgz"
                    },
                    "string_decoder": {
                      "version": "http://registry.npmjs.org/string_decoder/-/string_decoder-0.10.31.tgz"
                    },
                    "inherits": {
                      "version": "http://registry.npmjs.org/inherits/-/inherits-2.0.1.tgz"
                    }
                  }
                },
                "entities": {
                  "version": "1.0.0"
                }
              }
            },
            "dom-serializer": {
              "version": "http://registry.npmjs.org/dom-serializer/-/dom-serializer-0.0.1.tgz",
              "dependencies": {
                "domelementtype": {
                  "version": "http://registry.npmjs.org/domelementtype/-/domelementtype-1.1.3.tgz"
                }
              }
            }
          }
        },
        "generic-pool": {
          "version": "http://registry.npmjs.org/generic-pool/-/generic-pool-2.1.1.tgz"
        },
        "iconv": {
          "version": "http://registry.npmjs.org/iconv/-/iconv-2.1.6.tgz",
          "dependencies": {
            "nan": {
              "version": "http://registry.npmjs.org/nan/-/nan-1.6.2.tgz"
            }
          }
        },
        "iconv-lite": {
          "version": "http://registry.npmjs.org/iconv-lite/-/iconv-lite-0.4.4.tgz"
        },
        "jschardet": {
          "version": "http://registry.npmjs.org/jschardet/-/jschardet-1.1.0.tgz"
        },
        "lodash": {
          "version": "http://registry.npmjs.org/lodash/-/lodash-2.4.1.tgz"
        },
        "request": {
          "version": "http://registry.npmjs.org/request/-/request-2.42.0.tgz",
          "dependencies": {
            "bl": {
              "version": "http://registry.npmjs.org/bl/-/bl-0.9.4.tgz",
              "dependencies": {
                "readable-stream": {
                  "version": "http://registry.npmjs.org/readable-stream/-/readable-stream-1.0.33.tgz",
                  "dependencies": {
                    "core-util-is": {
                      "version": "http://registry.npmjs.org/core-util-is/-/core-util-is-1.0.1.tgz"
                    },
                    "isarray": {
                      "version": "http://registry.npmjs.org/isarray/-/isarray-0.0.1.tgz"
                    },
                    "string_decoder": {
                      "version": "http://registry.npmjs.org/string_decoder/-/string_decoder-0.10.31.tgz"
                    },
                    "inherits": {
                      "version": "http://registry.npmjs.org/inherits/-/inherits-2.0.1.tgz"
                    }
                  }
                }
              }
            },
            "caseless": {
              "version": "http://registry.npmjs.org/caseless/-/caseless-0.6.0.tgz"
            },
            "forever-agent": {
              "version": "http://registry.npmjs.org/forever-agent/-/forever-agent-0.5.2.tgz"
            },
            "qs": {
              "version": "http://registry.npmjs.org/qs/-/qs-1.2.2.tgz"
            },
            "json-stringify-safe": {
              "version": "http://registry.npmjs.org/json-stringify-safe/-/json-stringify-safe-5.0.0.tgz"
            },
            "mime-types": {
              "version": "http://registry.npmjs.org/mime-types/-/mime-types-1.0.2.tgz"
            },
            "node-uuid": {
              "version": "http://registry.npmjs.org/node-uuid/-/node-uuid-1.4.3.tgz"
            },
            "tunnel-agent": {
              "version": "http://registry.npmjs.org/tunnel-agent/-/tunnel-agent-0.4.0.tgz"
            },
            "tough-cookie": {
              "version": "http://registry.npmjs.org/tough-cookie/-/tough-cookie-0.12.1.tgz",
              "dependencies": {
                "punycode": {
                  "version": "http://registry.npmjs.org/punycode/-/punycode-1.3.2.tgz"
                }
              }
            },
            "form-data": {
              "version": "0.1.4",
              "dependencies": {
                "combined-stream": {
                  "version": "http://registry.npmjs.org/combined-stream/-/combined-stream-0.0.7.tgz",
                  "dependencies": {
                    "delayed-stream": {
                      "version": "http://registry.npmjs.org/delayed-stream/-/delayed-stream-0.0.5.tgz"
                    }
                  }
                },
                "mime": {
                  "version": "http://registry.npmjs.org/mime/-/mime-1.2.11.tgz"
                },
                "async": {
                  "version": "http://registry.npmjs.org/async/-/async-0.9.0.tgz"
                }
              }
            },
            "http-signature": {
              "version": "http://registry.npmjs.org/http-signature/-/http-signature-0.10.1.tgz",
              "dependencies": {
                "assert-plus": {
                  "version": "http://registry.npmjs.org/assert-plus/-/assert-plus-0.1.5.tgz"
                },
                "asn1": {
                  "version": "http://registry.npmjs.org/asn1/-/asn1-0.1.11.tgz"
                },
                "ctype": {
                  "version": "http://registry.npmjs.org/ctype/-/ctype-0.5.3.tgz"
                }
              }
            },
            "oauth-sign": {
              "version": "http://registry.npmjs.org/oauth-sign/-/oauth-sign-0.4.0.tgz"
            },
            "hawk": {
              "version": "http://registry.npmjs.org/hawk/-/hawk-1.1.1.tgz",
              "dependencies": {
                "hoek": {
                  "version": "http://registry.npmjs.org/hoek/-/hoek-0.9.1.tgz"
                },
                "boom": {
                  "version": "http://registry.npmjs.org/boom/-/boom-0.4.2.tgz"
                },
                "cryptiles": {
                  "version": "http://registry.npmjs.org/cryptiles/-/cryptiles-0.2.2.tgz"
                },
                "sntp": {
                  "version": "http://registry.npmjs.org/sntp/-/sntp-0.2.4.tgz"
                }
              }
            },
            "aws-sign2": {
              "version": "http://registry.npmjs.org/aws-sign2/-/aws-sign2-0.5.0.tgz"
            },
            "stringstream": {
              "version": "http://registry.npmjs.org/stringstream/-/stringstream-0.0.4.tgz"
            }
          }
        }
      }
    }
  }
}
